
Microsoft Visual Studio Solution File, Format Version 12.00
# Visual Studio Version 16
VisualStudioVersion = 16.0.31410.357
MinimumVisualStudioVersion = 10.0.40219.1
Project("{FAE04EC0-301F-11D3-BF4B-00C04F79EFBC}") = "exercicio 3 - while", "exercicio 3 - while\exercicio 3 - while.csproj", "{441FC710-E487-4BDA-8FE8-DD1D1E6D2612}"
EndProject
Global
	GlobalSection(SolutionConfigurationPlatforms) = preSolution
		Debug|Any CPU = Debug|Any CPU
		Release|Any CPU = Release|Any CPU
	EndGlobalSection
	GlobalSection(ProjectConfigurationPlatforms) = postSolution
		{441FC710-E487-4BDA-8FE8-DD1D1E6D2612}.Debug|Any CPU.ActiveCfg = Debug|Any CPU
		{441FC710-E487-4BDA-8FE8-DD1D1E6D2612}.Debug|Any CPU.Build.0 = Debug|Any CPU
		{441FC710-E487-4BDA-8FE8-DD1D1E6D2612}.Release|Any CPU.ActiveCfg = Release|Any CPU
		{441FC710-E487-4BDA-8FE8-DD1D1E6D2612}.Release|Any CPU.Build.0 = Release|Any CPU
	EndGlobalSection
	GlobalSection(SolutionProperties) = preSolution
		HideSolutionNode = FALSE
	EndGlobalSection
	GlobalSection(ExtensibilityGlobals) = postSolution
		SolutionGuid = {53E12545-23DE-4CE7-9F73-E6658B615EF5}
	EndGlobalSection
EndGlobal
