
Microsoft Visual Studio Solution File, Format Version 12.00
# Visual Studio Version 16
VisualStudioVersion = 16.0.31410.357
MinimumVisualStudioVersion = 10.0.40219.1
Project("{FAE04EC0-301F-11D3-BF4B-00C04F79EFBC}") = "exercicio_if_else_2", "exercicio_if_else_2\exercicio_if_else_2.csproj", "{58831F2A-52AF-4829-9644-0393A438B09C}"
EndProject
Global
	GlobalSection(SolutionConfigurationPlatforms) = preSolution
		Debug|Any CPU = Debug|Any CPU
		Release|Any CPU = Release|Any CPU
	EndGlobalSection
	GlobalSection(ProjectConfigurationPlatforms) = postSolution
		{58831F2A-52AF-4829-9644-0393A438B09C}.Debug|Any CPU.ActiveCfg = Debug|Any CPU
		{58831F2A-52AF-4829-9644-0393A438B09C}.Debug|Any CPU.Build.0 = Debug|Any CPU
		{58831F2A-52AF-4829-9644-0393A438B09C}.Release|Any CPU.ActiveCfg = Release|Any CPU
		{58831F2A-52AF-4829-9644-0393A438B09C}.Release|Any CPU.Build.0 = Release|Any CPU
	EndGlobalSection
	GlobalSection(SolutionProperties) = preSolution
		HideSolutionNode = FALSE
	EndGlobalSection
	GlobalSection(ExtensibilityGlobals) = postSolution
		SolutionGuid = {3B9F6A8E-0B68-4DE8-9F43-D44001D9F298}
	EndGlobalSection
EndGlobal
