
Microsoft Visual Studio Solution File, Format Version 12.00
# Visual Studio Version 16
VisualStudioVersion = 16.0.31410.357
MinimumVisualStudioVersion = 10.0.40219.1
Project("{FAE04EC0-301F-11D3-BF4B-00C04F79EFBC}") = "exercicio 1 - while", "exercicio 1 - while\exercicio 1 - while.csproj", "{CFF1A6A3-C97E-44D5-B7B3-2F6C41D90996}"
EndProject
Global
	GlobalSection(SolutionConfigurationPlatforms) = preSolution
		Debug|Any CPU = Debug|Any CPU
		Release|Any CPU = Release|Any CPU
	EndGlobalSection
	GlobalSection(ProjectConfigurationPlatforms) = postSolution
		{CFF1A6A3-C97E-44D5-B7B3-2F6C41D90996}.Debug|Any CPU.ActiveCfg = Debug|Any CPU
		{CFF1A6A3-C97E-44D5-B7B3-2F6C41D90996}.Debug|Any CPU.Build.0 = Debug|Any CPU
		{CFF1A6A3-C97E-44D5-B7B3-2F6C41D90996}.Release|Any CPU.ActiveCfg = Release|Any CPU
		{CFF1A6A3-C97E-44D5-B7B3-2F6C41D90996}.Release|Any CPU.Build.0 = Release|Any CPU
	EndGlobalSection
	GlobalSection(SolutionProperties) = preSolution
		HideSolutionNode = FALSE
	EndGlobalSection
	GlobalSection(ExtensibilityGlobals) = postSolution
		SolutionGuid = {CBDFB06E-2D07-4147-8385-482EDA44BDA9}
	EndGlobalSection
EndGlobal
